
Microsoft Visual Studio Solution File, Format Version 12.00
# Visual Studio Version 17
VisualStudioVersion = 17.6.33829.357
MinimumVisualStudioVersion = 10.0.40219.1
Project("{FAE04EC0-301F-11D3-BF4B-00C04F79EFBC}") = "food_order", "food_order.csproj", "{AEA7D2D2-8B2F-4E5D-983F-89140B79C92E}"
EndProject
Global
	GlobalSection(SolutionConfigurationPlatforms) = preSolution
		Debug|Any CPU = Debug|Any CPU
		Release|Any CPU = Release|Any CPU
	EndGlobalSection
	GlobalSection(ProjectConfigurationPlatforms) = postSolution
		{AEA7D2D2-8B2F-4E5D-983F-89140B79C92E}.Debug|Any CPU.ActiveCfg = Debug|Any CPU
		{AEA7D2D2-8B2F-4E5D-983F-89140B79C92E}.Debug|Any CPU.Build.0 = Debug|Any CPU
		{AEA7D2D2-8B2F-4E5D-983F-89140B79C92E}.Release|Any CPU.ActiveCfg = Release|Any CPU
		{AEA7D2D2-8B2F-4E5D-983F-89140B79C92E}.Release|Any CPU.Build.0 = Release|Any CPU
	EndGlobalSection
	GlobalSection(SolutionProperties) = preSolution
		HideSolutionNode = FALSE
	EndGlobalSection
	GlobalSection(ExtensibilityGlobals) = postSolution
		SolutionGuid = {4F099276-07BA-42F6-B233-692CF6D3DFF0}
	EndGlobalSection
EndGlobal
